# Generated from the project .venv on 2026-10-02 (Windows, Python 3.10.11).
# This is the reproducible local research/test profile.  The server profile
# remains Python 3.12 and selects scikit-learn==1.9.0 via requirements.txt.
akshare==1.18.49
annotated-types==0.8.0
anyio==4.15.1
beautifulsoup4==4.15.0
blinker==1.9.0
certifi==2026.7.22
cffi==2.1.1
charset-normalizer==3.5.2
click==8.5.0
cloudpickle==3.1.2
colorama==0.4.6
curl_cffi==0.16.3
decorator==5.3.1
et_xmlfile==2.0.0
exceptiongroup==1.3.1
Flask==3.1.3
h11==0.16.0
html5lib==1.1
httpcore2==2.13.1
httpx2==2.13.1
idna==3.20
itsdangerous==2.2.0
Jinja2==3.1.6
jiter==0.17.0
jqdatasdk==1.9.8
joblib==1.6.0
jsonpath==0.82.2
lxml==6.1.3
MarkupSafe==3.0.3
mini-racer==0.14.1
numpy==2.2.6
openai==3.22.0
openpyxl==3.1.5
pandas==2.3.3
pillow==12.3.0
ply==3.11
pycparser==3.0
pydantic==2.13.5
pydantic_core==2.46.5
python-dateutil==2.9.0.post0
pytz==2026.4
requests==2.34.2
scikit-learn==1.7.2
scipy==1.15.3
six==1.17.0
sniffio==1.3.1
soupsieve==2.10
tabulate==0.10.0
thriftpy2==0.4.20
threadpoolctl==3.7.0
tqdm==4.70.1
truststore==0.10.4
typing-inspection==0.4.4
typing_extensions==4.16.0
tzdata==2026.4
urllib3==2.8.0
webencodings==0.6.1
Werkzeug==3.1.9
xlrd==2.0.2
